
Microsoft Visual Studio Solution File, Format Version 12.00
# Visual Studio 2012
Project("{FAE04EC0-301F-11D3-BF4B-00C04F79EFBC}") = "Parse.Api", "Parse.Api\Parse.Api.csproj", "{7E8CCF57-03D2-4114-A513-A4C2E9AB3C59}"
EndProject
Project("{FAE04EC0-301F-11D3-BF4B-00C04F79EFBC}") = "Parse.Api.Tests", "Parse.Api.Tests\Parse.Api.Tests.csproj", "{0ECD378F-6443-4925-9E00-4F8A07A0FDD0}"
EndProject
Global
	GlobalSection(SolutionConfigurationPlatforms) = preSolution
		Debug|Any CPU = Debug|Any CPU
		Release|Any CPU = Release|Any CPU
	EndGlobalSection
	GlobalSection(ProjectConfigurationPlatforms) = postSolution
		{7E8CCF57-03D2-4114-A513-A4C2E9AB3C59}.Debug|Any CPU.ActiveCfg = Debug|Any CPU
		{7E8CCF57-03D2-4114-A513-A4C2E9AB3C59}.Debug|Any CPU.Build.0 = Debug|Any CPU
		{7E8CCF57-03D2-4114-A513-A4C2E9AB3C59}.Release|Any CPU.ActiveCfg = Release|Any CPU
		{7E8CCF57-03D2-4114-A513-A4C2E9AB3C59}.Release|Any CPU.Build.0 = Release|Any CPU
		{0ECD378F-6443-4925-9E00-4F8A07A0FDD0}.Debug|Any CPU.ActiveCfg = Debug|Any CPU
		{0ECD378F-6443-4925-9E00-4F8A07A0FDD0}.Debug|Any CPU.Build.0 = Debug|Any CPU
		{0ECD378F-6443-4925-9E00-4F8A07A0FDD0}.Release|Any CPU.ActiveCfg = Release|Any CPU
		{0ECD378F-6443-4925-9E00-4F8A07A0FDD0}.Release|Any CPU.Build.0 = Release|Any CPU
	EndGlobalSection
	GlobalSection(SolutionProperties) = preSolution
		HideSolutionNode = FALSE
	EndGlobalSection
EndGlobal
