
Microsoft Visual Studio Solution File, Format Version 12.00
# Visual Studio 2012
Project("{FAE04EC0-301F-11D3-BF4B-00C04F79EFBC}") = "Parse.Api", "Parse.Api\Parse.Api.csproj", "{BF721E36-5FFD-4F6C-9220-ABA89BDA75AA}"
EndProject
Project("{FAE04EC0-301F-11D3-BF4B-00C04F79EFBC}") = "Parse.Api.Tests", "Parse.Api.Tests\Parse.Api.Tests.csproj", "{ED5A4478-2ADC-491A-B268-9FE534A07DE6}"
EndProject
Global
	GlobalSection(SolutionConfigurationPlatforms) = preSolution
		Debug|Any CPU = Debug|Any CPU
		Release|Any CPU = Release|Any CPU
	EndGlobalSection
	GlobalSection(ProjectConfigurationPlatforms) = postSolution
		{BF721E36-5FFD-4F6C-9220-ABA89BDA75AA}.Debug|Any CPU.ActiveCfg = Debug|Any CPU
		{BF721E36-5FFD-4F6C-9220-ABA89BDA75AA}.Debug|Any CPU.Build.0 = Debug|Any CPU
		{BF721E36-5FFD-4F6C-9220-ABA89BDA75AA}.Release|Any CPU.ActiveCfg = Release|Any CPU
		{BF721E36-5FFD-4F6C-9220-ABA89BDA75AA}.Release|Any CPU.Build.0 = Release|Any CPU
		{ED5A4478-2ADC-491A-B268-9FE534A07DE6}.Debug|Any CPU.ActiveCfg = Debug|Any CPU
		{ED5A4478-2ADC-491A-B268-9FE534A07DE6}.Debug|Any CPU.Build.0 = Debug|Any CPU
		{ED5A4478-2ADC-491A-B268-9FE534A07DE6}.Release|Any CPU.ActiveCfg = Release|Any CPU
		{ED5A4478-2ADC-491A-B268-9FE534A07DE6}.Release|Any CPU.Build.0 = Release|Any CPU
	EndGlobalSection
	GlobalSection(SolutionProperties) = preSolution
		HideSolutionNode = FALSE
	EndGlobalSection
EndGlobal
